
Microsoft Visual Studio Solution File, Format Version 12.00
# Visual Studio Version 17
VisualStudioVersion = 17.5.002.0
MinimumVisualStudioVersion = 10.0.40219.1
Project("{9A19103F-16F7-4668-BE54-9A1E7A4F7556}") = "SlackBot", "SlackBot.csproj", "{DFB43796-6730-4D4F-9C3B-634F090E80E3}"
EndProject
Global
	GlobalSection(SolutionConfigurationPlatforms) = preSolution
		Debug|Any CPU = Debug|Any CPU
		Release|Any CPU = Release|Any CPU
	EndGlobalSection
	GlobalSection(ProjectConfigurationPlatforms) = postSolution
		{DFB43796-6730-4D4F-9C3B-634F090E80E3}.Debug|Any CPU.ActiveCfg = Debug|Any CPU
		{DFB43796-6730-4D4F-9C3B-634F090E80E3}.Debug|Any CPU.Build.0 = Debug|Any CPU
		{DFB43796-6730-4D4F-9C3B-634F090E80E3}.Release|Any CPU.ActiveCfg = Release|Any CPU
		{DFB43796-6730-4D4F-9C3B-634F090E80E3}.Release|Any CPU.Build.0 = Release|Any CPU
	EndGlobalSection
	GlobalSection(SolutionProperties) = preSolution
		HideSolutionNode = FALSE
	EndGlobalSection
	GlobalSection(ExtensibilityGlobals) = postSolution
		SolutionGuid = {BC4F6D74-6C6A-4D3B-B7DD-0ACC58B3D8EE}
	EndGlobalSection
EndGlobal
